
Microsoft Visual Studio Solution File, Format Version 12.00
# Visual Studio Version 17
VisualStudioVersion = 17.13.35931.197
MinimumVisualStudioVersion = 10.0.40219.1
Project("{FAE04EC0-301F-11D3-BF4B-00C04F79EFBC}") = "AlaskaTicketManagement", "AlaskaTicketManagement\AlaskaTicketManagement.csproj", "{730A8B6E-D76C-43B9-8128-489D7633BF38}"
EndProject
Project("{FAE04EC0-301F-11D3-BF4B-00C04F79EFBC}") = "AlaskaTicketManagementTests", "AlaskaTicketManagementTests\AlaskaTicketManagementTests.csproj", "{2F8DBBE5-E965-4E1E-B7B0-02FE7E02C0C3}"
EndProject
Global
	GlobalSection(SolutionConfigurationPlatforms) = preSolution
		Debug|Any CPU = Debug|Any CPU
		Release|Any CPU = Release|Any CPU
	EndGlobalSection
	GlobalSection(ProjectConfigurationPlatforms) = postSolution
		{730A8B6E-D76C-43B9-8128-489D7633BF38}.Debug|Any CPU.ActiveCfg = Debug|Any CPU
		{730A8B6E-D76C-43B9-8128-489D7633BF38}.Debug|Any CPU.Build.0 = Debug|Any CPU
		{730A8B6E-D76C-43B9-8128-489D7633BF38}.Release|Any CPU.ActiveCfg = Release|Any CPU
		{730A8B6E-D76C-43B9-8128-489D7633BF38}.Release|Any CPU.Build.0 = Release|Any CPU
		{2F8DBBE5-E965-4E1E-B7B0-02FE7E02C0C3}.Debug|Any CPU.ActiveCfg = Debug|Any CPU
		{2F8DBBE5-E965-4E1E-B7B0-02FE7E02C0C3}.Debug|Any CPU.Build.0 = Debug|Any CPU
		{2F8DBBE5-E965-4E1E-B7B0-02FE7E02C0C3}.Release|Any CPU.ActiveCfg = Release|Any CPU
		{2F8DBBE5-E965-4E1E-B7B0-02FE7E02C0C3}.Release|Any CPU.Build.0 = Release|Any CPU
	EndGlobalSection
	GlobalSection(SolutionProperties) = preSolution
		HideSolutionNode = FALSE
	EndGlobalSection
	GlobalSection(ExtensibilityGlobals) = postSolution
		SolutionGuid = {B7685B28-A75C-4538-BE65-5DC79F121913}
	EndGlobalSection
EndGlobal
